{
  "name": "threejs",
  "version": "1.0.0",
  "lockfileVersion": 1,
  "requires": true,
  "dependencies": {
    "@types/three": {
      "version": "0.126.0",
      "resolved": "https://registry.npmjs.org/@types/three/-/three-0.126.0.tgz",
      "integrity": "sha512-C7cFOWQpcGQAJ0PJSdU6ncZFn51fWKaV8o1Dz2fvikFRGWY8cI5/M/q5JHX7/TzCfMRadLP690Ksh8QvanSW8Q=="
    }
  }
}
